# THIS IS AN AUTOGENERATED FILE. DO NOT EDIT THIS FILE DIRECTLY.
# yarn lockfile v1


bindings@^1.3.0, bindings@^1.5.0:
  version "1.5.0"
  resolved "https://registry.yarnpkg.com/bindings/-/bindings-1.5.0.tgz#10353c9e945334bc0511a6d90b38fbc7c9c504df"
  integrity sha512-p2q/t/mhvuOj/UeLlV6566GD/guowlr0hHxClI0W9m7MWYkL1F0hLo+0Aexs9HSPCtR1SXQ0TD3MMKrXZajbiQ==
  dependencies:
    file-uri-to-path "1.0.0"

debug@2:
  version "2.6.9"
  resolved "https://registry.yarnpkg.com/debug/-/debug-2.6.9.tgz#5d128515df134ff327e90a4c93f4e077a536341f"
  integrity sha512-bC7ElrdJaJnPbAP+1EotYvqZsb3ecl5wi6Bfi6BJTUcNowp6cvspg0jXznRTKDjm/E7AdgFBVeAPVMNcKGsHMA==
  dependencies:
    ms "2.0.0"

debug@^3.1.0:
  version "3.2.6"
  resolved "https://registry.yarnpkg.com/debug/-/debug-3.2.6.tgz#e83d17de16d8a7efb7717edbe5fb10135eee629b"
  integrity sha512-mel+jf7nrtEl5Pn1Qx46zARXKDpBbvzezse7p7LqINmdoIk8PYP5SySaxEmYv6TZ0JyEKA1hsCId6DIhgITtWQ==
  dependencies:
    ms "^2.1.1"

ffi-napi@^2.4.5:
  version "2.4.5"
  resolved "https://registry.yarnpkg.com/ffi-napi/-/ffi-napi-2.4.5.tgz#12e807f238f8c68fc094fc46c1ce5193c2ab64f8"
  integrity sha512-24Et/c5/sRvZvpOZ9nvkK0Be1S8A1Vkt6aJSKGaohOGb5FwV4+EmecaTtNhN4TCLJDjYC8z/k4X8W1SC5IK/fw==
  dependencies:
    bindings "^1.3.0"
    debug "^3.1.0"
    get-uv-event-loop-napi-h "^1.0.5"
    node-addon-api "1.5.0"
    ref-napi "^1.4.0"
    ref-struct-di "^1.1.0"

file-uri-to-path@1.0.0:
  version "1.0.0"
  resolved "https://registry.yarnpkg.com/file-uri-to-path/-/file-uri-to-path-1.0.0.tgz#553a7b8446ff6f684359c445f1e37a05dacc33dd"
  integrity sha512-0Zt+s3L7Vf1biwWZ29aARiVYLx7iMGnEUl9x33fbB/j3jR81u/O2LbqK+Bm1CDSNDKVtJ/YjwY7TUd5SkeLQLw==

get-symbol-from-current-process-h@^1.0.1:
  version "1.0.1"
  resolved "https://registry.yarnpkg.com/get-symbol-from-current-process-h/-/get-symbol-from-current-process-h-1.0.1.tgz#7e4809087e7d2f3a78a785b36f787e2183ba4c5d"
  integrity sha512-QvP1+tCDjgTiu+akjdEYd8eK8MFYy6nRCRNjfiCeQB9RJEHQZpN+WE+CVqPRNqjIVMwSqd0WiD008B+b7iIdaA==

get-uv-event-loop-napi-h@^1.0.5:
  version "1.0.5"
  resolved "https://registry.yarnpkg.com/get-uv-event-loop-napi-h/-/get-uv-event-loop-napi-h-1.0.5.tgz#1904a1dc1fa6df7487c9e8eaf87302bcc9e33e47"
  integrity sha512-uWDHId313vRTyqeLhlLWJS0CJOP8QXY5en/9Pv14dnPvAlRfKBfD6h2EDtoy7jxxOIWB9QgzYK16VCN3pCZOBg==
  dependencies:
    get-symbol-from-current-process-h "^1.0.1"

ms@2.0.0:
  version "2.0.0"
  resolved "https://registry.yarnpkg.com/ms/-/ms-2.0.0.tgz#5608aeadfc00be6c2901df5f9861788de0d597c8"
  integrity sha1-VgiurfwAvmwpAd9fmGF4jeDVl8g=

ms@^2.1.1:
  version "2.1.2"
  resolved "https://registry.yarnpkg.com/ms/-/ms-2.1.2.tgz#d09d1f357b443f493382a8eb3ccd183872ae6009"
  integrity sha512-sGkPx+VjMtmA6MX27oA4FBFELFCZZ4S4XqeGOXCv68tT+jb3vk/RyaKWP0PTKyWtmLSM0b+adUTEvbs1PEaH2w==

node-addon-api@1.5.0:
  version "1.5.0"
  resolved "https://registry.yarnpkg.com/node-addon-api/-/node-addon-api-1.5.0.tgz#55be6b3da36e746f4b1f2af16c2adf67647d1ff8"
  integrity sha512-YsL/8dpBWxCFj3wAVAa/ceN4TlT8lACK8EgpuN0q/4ecflWHDuKpodb+tt7Rx22r/6FJ2f+IT25XSsXnZGwYgA==

node-addon-api@^1.6.2, node-addon-api@^1.7.1:
  version "1.7.1"
  resolved "https://registry.yarnpkg.com/node-addon-api/-/node-addon-api-1.7.1.tgz#cf813cd69bb8d9100f6bdca6755fc268f54ac492"
  integrity sha512-2+DuKodWvwRTrCfKOeR24KIc5unKjOh8mz17NCzVnHWfjAdDqbfbjqh7gUT+BkXBRQM52+xCHciKWonJ3CbJMQ==

ref-napi@^1.4.0, ref-napi@^1.4.2:
  version "1.4.2"
  resolved "https://registry.yarnpkg.com/ref-napi/-/ref-napi-1.4.2.tgz#28ee242de131cd4fbbdd7d935086996d3cb9abc8"
  integrity sha512-6AkdfqTLmP9oHQ6/aTnuIoPlVble6LHZ2wWqC1Sh/LWhnXHoT2L3CvyF72rJQ9w76XR5v9rIX6UQUwsry1vfBg==
  dependencies:
    bindings "^1.3.0"
    debug "^3.1.0"
    node-addon-api "^1.6.2"

ref-struct-di@^1.1.0:
  version "1.1.0"
  resolved "https://registry.yarnpkg.com/ref-struct-di/-/ref-struct-di-1.1.0.tgz#d252144eb449608ccf2e5c12fda35f8153bd3760"
  integrity sha512-gghZITj/iQwdwFDduZ6T8kL2B2ogInlOz7AOB0ggFoEc7akAKMcDrbzh3OIPk13Kxy8U2bHPvN6nejcBh4jN7A==
  dependencies:
    debug "^3.1.0"

ref-struct-napi@^1.1.0:
  version "1.1.0"
  resolved "https://registry.yarnpkg.com/ref-struct-napi/-/ref-struct-napi-1.1.0.tgz#fb2fa869912974753dfe2c8868ee5de0db62febe"
  integrity sha512-9GwNq6PwVKhe8ZX4E51+3knUMJfyQumT9RCsXHBRDPfSYbOfK34TbQlEyvfuPOsb0xOlqzkR3CkTmD8gIdmtgQ==
  dependencies:
    debug "2"
    ref-napi "^1.4.2"
